
Microsoft Visual Studio Solution File, Format Version 12.00
# Visual Studio Version 17
VisualStudioVersion = 17.5.33530.505
MinimumVisualStudioVersion = 10.0.40219.1
Project("{FAE04EC0-301F-11D3-BF4B-00C04F79EFBC}") = "Aplicativo de Gestão de Finanças Pessoais", "Aplicativo de Gestão de Finanças Pessoais.csproj", "{51AF9A60-546A-4166-8D5F-95BB555A745D}"
EndProject
Global
	GlobalSection(SolutionConfigurationPlatforms) = preSolution
		Debug|Any CPU = Debug|Any CPU
		Release|Any CPU = Release|Any CPU
	EndGlobalSection
	GlobalSection(ProjectConfigurationPlatforms) = postSolution
		{51AF9A60-546A-4166-8D5F-95BB555A745D}.Debug|Any CPU.ActiveCfg = Debug|Any CPU
		{51AF9A60-546A-4166-8D5F-95BB555A745D}.Debug|Any CPU.Build.0 = Debug|Any CPU
		{51AF9A60-546A-4166-8D5F-95BB555A745D}.Release|Any CPU.ActiveCfg = Release|Any CPU
		{51AF9A60-546A-4166-8D5F-95BB555A745D}.Release|Any CPU.Build.0 = Release|Any CPU
	EndGlobalSection
	GlobalSection(SolutionProperties) = preSolution
		HideSolutionNode = FALSE
	EndGlobalSection
	GlobalSection(ExtensibilityGlobals) = postSolution
		SolutionGuid = {5E86494D-A29D-4F5C-AABC-41DCF10A9AC1}
	EndGlobalSection
EndGlobal
